
Microsoft Visual Studio Solution File, Format Version 12.00
# Visual Studio Version 17
VisualStudioVersion = 17.5.33530.505
MinimumVisualStudioVersion = 10.0.40219.1
Project("{2150E333-8FDC-42A3-9474-1A3956D46DE8}") = "src", "src", "{970E5E8E-1B2E-4168-B610-2410957C319E}"
EndProject
Project("{9A19103F-16F7-4668-BE54-9A1E7A4F7556}") = "TechCards.lib", "src\TechCards.lib\TechCards.lib.csproj", "{C4F4078C-F61A-4EF2-925C-6F8030A9046B}"
EndProject
Project("{9A19103F-16F7-4668-BE54-9A1E7A4F7556}") = "TechCards.Repository", "src\TechCards.Repository\TechCards.Repository.csproj", "{C591CDAD-E36E-4182-B929-A41DA791FA4B}"
EndProject
Project("{2150E333-8FDC-42A3-9474-1A3956D46DE8}") = "Domain", "Domain", "{1396C7EA-8EDB-4966-8381-00A3D0F46806}"
EndProject
Project("{2150E333-8FDC-42A3-9474-1A3956D46DE8}") = "Repository", "Repository", "{D8562720-DBE9-4B5F-92B5-5DFF292C2A36}"
EndProject
Project("{2150E333-8FDC-42A3-9474-1A3956D46DE8}") = "OpenAI", "OpenAI", "{42133015-763A-4A8B-8E0B-B2DE177B024F}"
EndProject
Project("{9A19103F-16F7-4668-BE54-9A1E7A4F7556}") = "Forge.OpenAI", "src\Forge.OpenAI\Forge.OpenAI.csproj", "{D1DDE02E-1865-4173-8F3C-153D99AB394F}"
EndProject
Project("{2150E333-8FDC-42A3-9474-1A3956D46DE8}") = "Services", "Services", "{C3607265-D445-43AA-87C9-53D350A0D483}"
EndProject
Project("{9A19103F-16F7-4668-BE54-9A1E7A4F7556}") = "TechCards.Services", "src\TechCards.Services\TechCards.Services.csproj", "{90B971BF-0CDC-4E5C-8076-156BD211919F}"
EndProject
Project("{2150E333-8FDC-42A3-9474-1A3956D46DE8}") = "sampleRequest", "sampleRequest", "{E2D79624-2FCA-40A6-A243-A899037CDEE8}"
	ProjectSection(SolutionItems) = preProject
		request.json = request.json
	EndProjectSection
EndProject
Project("{2150E333-8FDC-42A3-9474-1A3956D46DE8}") = "FlashCardOps", "FlashCardOps", "{3EE83D72-78A8-47AF-A435-76AD11DFFD31}"
EndProject
Project("{9A19103F-16F7-4668-BE54-9A1E7A4F7556}") = "FlashCardOps", "src\FlashCardOps\FlashCardOps.csproj", "{7415C6A0-55A7-4DE2-942F-42F091CC21DF}"
EndProject
Global
	GlobalSection(SolutionConfigurationPlatforms) = preSolution
		Debug|Any CPU = Debug|Any CPU
		Release|Any CPU = Release|Any CPU
	EndGlobalSection
	GlobalSection(ProjectConfigurationPlatforms) = postSolution
		{C4F4078C-F61A-4EF2-925C-6F8030A9046B}.Debug|Any CPU.ActiveCfg = Debug|Any CPU
		{C4F4078C-F61A-4EF2-925C-6F8030A9046B}.Debug|Any CPU.Build.0 = Debug|Any CPU
		{C4F4078C-F61A-4EF2-925C-6F8030A9046B}.Release|Any CPU.ActiveCfg = Release|Any CPU
		{C4F4078C-F61A-4EF2-925C-6F8030A9046B}.Release|Any CPU.Build.0 = Release|Any CPU
		{C591CDAD-E36E-4182-B929-A41DA791FA4B}.Debug|Any CPU.ActiveCfg = Debug|Any CPU
		{C591CDAD-E36E-4182-B929-A41DA791FA4B}.Debug|Any CPU.Build.0 = Debug|Any CPU
		{C591CDAD-E36E-4182-B929-A41DA791FA4B}.Release|Any CPU.ActiveCfg = Release|Any CPU
		{C591CDAD-E36E-4182-B929-A41DA791FA4B}.Release|Any CPU.Build.0 = Release|Any CPU
		{D1DDE02E-1865-4173-8F3C-153D99AB394F}.Debug|Any CPU.ActiveCfg = Debug|Any CPU
		{D1DDE02E-1865-4173-8F3C-153D99AB394F}.Debug|Any CPU.Build.0 = Debug|Any CPU
		{D1DDE02E-1865-4173-8F3C-153D99AB394F}.Release|Any CPU.ActiveCfg = Release|Any CPU
		{D1DDE02E-1865-4173-8F3C-153D99AB394F}.Release|Any CPU.Build.0 = Release|Any CPU
		{90B971BF-0CDC-4E5C-8076-156BD211919F}.Debug|Any CPU.ActiveCfg = Debug|Any CPU
		{90B971BF-0CDC-4E5C-8076-156BD211919F}.Debug|Any CPU.Build.0 = Debug|Any CPU
		{90B971BF-0CDC-4E5C-8076-156BD211919F}.Release|Any CPU.ActiveCfg = Release|Any CPU
		{90B971BF-0CDC-4E5C-8076-156BD211919F}.Release|Any CPU.Build.0 = Release|Any CPU
		{7415C6A0-55A7-4DE2-942F-42F091CC21DF}.Debug|Any CPU.ActiveCfg = Debug|Any CPU
		{7415C6A0-55A7-4DE2-942F-42F091CC21DF}.Debug|Any CPU.Build.0 = Debug|Any CPU
		{7415C6A0-55A7-4DE2-942F-42F091CC21DF}.Release|Any CPU.ActiveCfg = Release|Any CPU
		{7415C6A0-55A7-4DE2-942F-42F091CC21DF}.Release|Any CPU.Build.0 = Release|Any CPU
	EndGlobalSection
	GlobalSection(SolutionProperties) = preSolution
		HideSolutionNode = FALSE
	EndGlobalSection
	GlobalSection(NestedProjects) = preSolution
		{C4F4078C-F61A-4EF2-925C-6F8030A9046B} = {1396C7EA-8EDB-4966-8381-00A3D0F46806}
		{C591CDAD-E36E-4182-B929-A41DA791FA4B} = {D8562720-DBE9-4B5F-92B5-5DFF292C2A36}
		{1396C7EA-8EDB-4966-8381-00A3D0F46806} = {970E5E8E-1B2E-4168-B610-2410957C319E}
		{D8562720-DBE9-4B5F-92B5-5DFF292C2A36} = {970E5E8E-1B2E-4168-B610-2410957C319E}
		{42133015-763A-4A8B-8E0B-B2DE177B024F} = {970E5E8E-1B2E-4168-B610-2410957C319E}
		{D1DDE02E-1865-4173-8F3C-153D99AB394F} = {42133015-763A-4A8B-8E0B-B2DE177B024F}
		{C3607265-D445-43AA-87C9-53D350A0D483} = {970E5E8E-1B2E-4168-B610-2410957C319E}
		{90B971BF-0CDC-4E5C-8076-156BD211919F} = {C3607265-D445-43AA-87C9-53D350A0D483}
		{3EE83D72-78A8-47AF-A435-76AD11DFFD31} = {970E5E8E-1B2E-4168-B610-2410957C319E}
		{7415C6A0-55A7-4DE2-942F-42F091CC21DF} = {3EE83D72-78A8-47AF-A435-76AD11DFFD31}
	EndGlobalSection
	GlobalSection(ExtensibilityGlobals) = postSolution
		SolutionGuid = {6EAFFD98-EDB3-4D6B-8CFA-7F7B215B0F9E}
	EndGlobalSection
EndGlobal
